
Microsoft Visual Studio Solution File, Format Version 12.00
# Visual Studio Version 17
VisualStudioVersion = 17.8.34511.84
MinimumVisualStudioVersion = 10.0.40219.1
Project("{888888A0-9F3D-457C-B088-3A5042F75D52}") = "Blackjack", "Blackjack\Blackjack.pyproj", "{1847C340-B6F5-4973-9D85-B4D85E24C2CA}"
EndProject
Global
	GlobalSection(SolutionConfigurationPlatforms) = preSolution
		Debug|Any CPU = Debug|Any CPU
		Release|Any CPU = Release|Any CPU
	EndGlobalSection
	GlobalSection(ProjectConfigurationPlatforms) = postSolution
		{1847C340-B6F5-4973-9D85-B4D85E24C2CA}.Debug|Any CPU.ActiveCfg = Debug|Any CPU
		{1847C340-B6F5-4973-9D85-B4D85E24C2CA}.Release|Any CPU.ActiveCfg = Release|Any CPU
	EndGlobalSection
	GlobalSection(SolutionProperties) = preSolution
		HideSolutionNode = FALSE
	EndGlobalSection
	GlobalSection(ExtensibilityGlobals) = postSolution
		SolutionGuid = {1451FF5F-A512-4030-930A-AB97044CF69F}
	EndGlobalSection
EndGlobal
